
Microsoft Visual Studio Solution File, Format Version 12.00
# Visual Studio Version 16
VisualStudioVersion = 16.0.32630.194
MinimumVisualStudioVersion = 10.0.40219.1
Project("{FAE04EC0-301F-11D3-BF4B-00C04F79EFBC}") = "DGRA", "DGRA\DGRA.csproj", "{2FF16DB9-CBAB-42C4-BAB9-3657CDB3E68C}"
EndProject
Project("{FAE04EC0-301F-11D3-BF4B-00C04F79EFBC}") = "DGRA_V1", "DGRA_V1\DGRA_V1.csproj", "{4A1BFE74-9769-42FE-9EDE-23E7492FAD28}"
EndProject
Global
	GlobalSection(SolutionConfigurationPlatforms) = preSolution
		Debug|Any CPU = Debug|Any CPU
		Release|Any CPU = Release|Any CPU
	EndGlobalSection
	GlobalSection(ProjectConfigurationPlatforms) = postSolution
		{2FF16DB9-CBAB-42C4-BAB9-3657CDB3E68C}.Debug|Any CPU.ActiveCfg = Debug|Any CPU
		{2FF16DB9-CBAB-42C4-BAB9-3657CDB3E68C}.Debug|Any CPU.Build.0 = Debug|Any CPU
		{2FF16DB9-CBAB-42C4-BAB9-3657CDB3E68C}.Release|Any CPU.ActiveCfg = Release|Any CPU
		{2FF16DB9-CBAB-42C4-BAB9-3657CDB3E68C}.Release|Any CPU.Build.0 = Release|Any CPU
		{4A1BFE74-9769-42FE-9EDE-23E7492FAD28}.Debug|Any CPU.ActiveCfg = Debug|Any CPU
		{4A1BFE74-9769-42FE-9EDE-23E7492FAD28}.Debug|Any CPU.Build.0 = Debug|Any CPU
		{4A1BFE74-9769-42FE-9EDE-23E7492FAD28}.Release|Any CPU.ActiveCfg = Release|Any CPU
		{4A1BFE74-9769-42FE-9EDE-23E7492FAD28}.Release|Any CPU.Build.0 = Release|Any CPU
	EndGlobalSection
	GlobalSection(SolutionProperties) = preSolution
		HideSolutionNode = FALSE
	EndGlobalSection
	GlobalSection(ExtensibilityGlobals) = postSolution
		SolutionGuid = {ADCBBC39-B598-45D7-AE17-B44BF5642125}
	EndGlobalSection
EndGlobal
